
Microsoft Visual Studio Solution File, Format Version 11.00
# Visual Studio 2010
Project("{FAE04EC0-301F-11D3-BF4B-00C04F79EFBC}") = "Gobiner.DotNetRepl.Web", "Gobiner.DotNetRepl.Web\Gobiner.DotNetRepl.Web.csproj", "{B70C0E31-AB40-45D9-8AA6-BA21CD4319F7}"
EndProject
Global
	GlobalSection(SolutionConfigurationPlatforms) = preSolution
		Debug|Any CPU = Debug|Any CPU
		Release|Any CPU = Release|Any CPU
	EndGlobalSection
	GlobalSection(ProjectConfigurationPlatforms) = postSolution
		{B70C0E31-AB40-45D9-8AA6-BA21CD4319F7}.Debug|Any CPU.ActiveCfg = Debug|Any CPU
		{B70C0E31-AB40-45D9-8AA6-BA21CD4319F7}.Debug|Any CPU.Build.0 = Debug|Any CPU
		{B70C0E31-AB40-45D9-8AA6-BA21CD4319F7}.Release|Any CPU.ActiveCfg = Release|Any CPU
		{B70C0E31-AB40-45D9-8AA6-BA21CD4319F7}.Release|Any CPU.Build.0 = Release|Any CPU
	EndGlobalSection
	GlobalSection(SolutionProperties) = preSolution
		HideSolutionNode = FALSE
	EndGlobalSection
EndGlobal
